
Microsoft Visual Studio Solution File, Format Version 12.00
# Visual Studio Version 16
VisualStudioVersion = 16.0.30011.22
MinimumVisualStudioVersion = 10.0.40219.1
Project("{2150E333-8FDC-42A3-9474-1A3956D46DE8}") = "src", "src", "{59AACB45-62AE-46A3-A3A7-4B9C5CFB9B8A}"
EndProject
Project("{2150E333-8FDC-42A3-9474-1A3956D46DE8}") = "tests", "tests", "{6F01A5A4-DB35-4AEB-BC65-0CCCACD4B071}"
EndProject
Project("{2150E333-8FDC-42A3-9474-1A3956D46DE8}") = "1.Common", "1.Common", "{D491255D-AAC8-4C42-906B-60E3F0854307}"
EndProject
Project("{2150E333-8FDC-42A3-9474-1A3956D46DE8}") = "2.WebCore", "2.WebCore", "{B2D8016D-A142-466D-865C-32B55C977406}"
EndProject
Project("{2150E333-8FDC-42A3-9474-1A3956D46DE8}") = "3.DbAccess", "3.DbAccess", "{1520DB98-3546-4380-83A0-CC88395DE17F}"
EndProject
Project("{2150E333-8FDC-42A3-9474-1A3956D46DE8}") = "4.Component", "4.Component", "{1761ED7D-E460-4E7E-830C-3E8F477E7B00}"
EndProject
Project("{2150E333-8FDC-42A3-9474-1A3956D46DE8}") = "5.Model", "5.Model", "{97070AD6-D840-4D4F-871E-2BCDE907BA2C}"
EndProject
Project("{2150E333-8FDC-42A3-9474-1A3956D46DE8}") = "6.Bussiness", "6.Bussiness", "{FB841912-544F-4F94-AB92-75FBD88A7067}"
EndProject
Project("{2150E333-8FDC-42A3-9474-1A3956D46DE8}") = "7.WebHost", "7.WebHost", "{9A891A8E-AB41-457D-9D16-1AC995F81D15}"
EndProject
Project("{FAE04EC0-301F-11D3-BF4B-00C04F79EFBC}") = "PH.Common", "src\PH.Common\PH.Common.csproj", "{4E32582A-D6D3-4E94-A10A-A163D54B5FB9}"
EndProject
Project("{FAE04EC0-301F-11D3-BF4B-00C04F79EFBC}") = "PH.Entities", "src\PH.Entities\PH.Entities.csproj", "{6B5DE2BC-8477-409E-9D5B-DF7DF0E141B5}"
EndProject
Project("{FAE04EC0-301F-11D3-BF4B-00C04F79EFBC}") = "PH.WebCore", "src\PH.WebCore\PH.WebCore.csproj", "{54D03707-64CC-46AA-8524-2F9E50915485}"
EndProject
Project("{FAE04EC0-301F-11D3-BF4B-00C04F79EFBC}") = "PH.UnitOfWork", "src\PH.UnitOfWork\PH.UnitOfWork.csproj", "{61F95552-292E-450C-9F64-F7048ED77C91}"
EndProject
Project("{FAE04EC0-301F-11D3-BF4B-00C04F79EFBC}") = "PH.DbContexts", "src\PH.DbContexts\PH.DbContexts.csproj", "{B9B8A5D5-0523-4D4A-8E54-F99B295CDD74}"
EndProject
Project("{FAE04EC0-301F-11D3-BF4B-00C04F79EFBC}") = "PH.Component.Aop", "src\PH.Component.Aop\PH.Component.Aop.csproj", "{9D64E206-52FB-4C96-954F-F2160DF50705}"
EndProject
Project("{FAE04EC0-301F-11D3-BF4B-00C04F79EFBC}") = "PH.Component.Jwt", "src\PH.Component.Jwt\PH.Component.Jwt.csproj", "{B7BDAE74-A413-411E-9CAD-A80C969D5D80}"
EndProject
Project("{FAE04EC0-301F-11D3-BF4B-00C04F79EFBC}") = "PH.Models", "src\PH.Models\PH.Models.csproj", "{0B219B81-144B-4B25-82FD-D34C8A7041D6}"
EndProject
Project("{FAE04EC0-301F-11D3-BF4B-00C04F79EFBC}") = "PH.Services", "src\PH.Services\PH.Services.csproj", "{0461BBD2-8EDA-4569-9761-720139EB9B53}"
EndProject
Project("{FAE04EC0-301F-11D3-BF4B-00C04F79EFBC}") = "PH.WebApi", "src\PH.WebApi\PH.WebApi.csproj", "{517B4AD9-B837-4564-B7AE-952C3E64A75E}"
EndProject
Project("{FAE04EC0-301F-11D3-BF4B-00C04F79EFBC}") = "CommonTests", "tests\CommonTests\CommonTests.csproj", "{5601D86B-24D5-409F-B00C-9BCD67A6D284}"
EndProject
Global
	GlobalSection(SolutionConfigurationPlatforms) = preSolution
		Debug|Any CPU = Debug|Any CPU
		Release|Any CPU = Release|Any CPU
	EndGlobalSection
	GlobalSection(ProjectConfigurationPlatforms) = postSolution
		{4E32582A-D6D3-4E94-A10A-A163D54B5FB9}.Debug|Any CPU.ActiveCfg = Debug|Any CPU
		{4E32582A-D6D3-4E94-A10A-A163D54B5FB9}.Debug|Any CPU.Build.0 = Debug|Any CPU
		{4E32582A-D6D3-4E94-A10A-A163D54B5FB9}.Release|Any CPU.ActiveCfg = Release|Any CPU
		{4E32582A-D6D3-4E94-A10A-A163D54B5FB9}.Release|Any CPU.Build.0 = Release|Any CPU
		{6B5DE2BC-8477-409E-9D5B-DF7DF0E141B5}.Debug|Any CPU.ActiveCfg = Debug|Any CPU
		{6B5DE2BC-8477-409E-9D5B-DF7DF0E141B5}.Debug|Any CPU.Build.0 = Debug|Any CPU
		{6B5DE2BC-8477-409E-9D5B-DF7DF0E141B5}.Release|Any CPU.ActiveCfg = Release|Any CPU
		{6B5DE2BC-8477-409E-9D5B-DF7DF0E141B5}.Release|Any CPU.Build.0 = Release|Any CPU
		{54D03707-64CC-46AA-8524-2F9E50915485}.Debug|Any CPU.ActiveCfg = Debug|Any CPU
		{54D03707-64CC-46AA-8524-2F9E50915485}.Debug|Any CPU.Build.0 = Debug|Any CPU
		{54D03707-64CC-46AA-8524-2F9E50915485}.Release|Any CPU.ActiveCfg = Release|Any CPU
		{54D03707-64CC-46AA-8524-2F9E50915485}.Release|Any CPU.Build.0 = Release|Any CPU
		{61F95552-292E-450C-9F64-F7048ED77C91}.Debug|Any CPU.ActiveCfg = Debug|Any CPU
		{61F95552-292E-450C-9F64-F7048ED77C91}.Debug|Any CPU.Build.0 = Debug|Any CPU
		{61F95552-292E-450C-9F64-F7048ED77C91}.Release|Any CPU.ActiveCfg = Release|Any CPU
		{61F95552-292E-450C-9F64-F7048ED77C91}.Release|Any CPU.Build.0 = Release|Any CPU
		{B9B8A5D5-0523-4D4A-8E54-F99B295CDD74}.Debug|Any CPU.ActiveCfg = Debug|Any CPU
		{B9B8A5D5-0523-4D4A-8E54-F99B295CDD74}.Debug|Any CPU.Build.0 = Debug|Any CPU
		{B9B8A5D5-0523-4D4A-8E54-F99B295CDD74}.Release|Any CPU.ActiveCfg = Release|Any CPU
		{B9B8A5D5-0523-4D4A-8E54-F99B295CDD74}.Release|Any CPU.Build.0 = Release|Any CPU
		{9D64E206-52FB-4C96-954F-F2160DF50705}.Debug|Any CPU.ActiveCfg = Debug|Any CPU
		{9D64E206-52FB-4C96-954F-F2160DF50705}.Debug|Any CPU.Build.0 = Debug|Any CPU
		{9D64E206-52FB-4C96-954F-F2160DF50705}.Release|Any CPU.ActiveCfg = Release|Any CPU
		{9D64E206-52FB-4C96-954F-F2160DF50705}.Release|Any CPU.Build.0 = Release|Any CPU
		{B7BDAE74-A413-411E-9CAD-A80C969D5D80}.Debug|Any CPU.ActiveCfg = Debug|Any CPU
		{B7BDAE74-A413-411E-9CAD-A80C969D5D80}.Debug|Any CPU.Build.0 = Debug|Any CPU
		{B7BDAE74-A413-411E-9CAD-A80C969D5D80}.Release|Any CPU.ActiveCfg = Release|Any CPU
		{B7BDAE74-A413-411E-9CAD-A80C969D5D80}.Release|Any CPU.Build.0 = Release|Any CPU
		{0B219B81-144B-4B25-82FD-D34C8A7041D6}.Debug|Any CPU.ActiveCfg = Debug|Any CPU
		{0B219B81-144B-4B25-82FD-D34C8A7041D6}.Debug|Any CPU.Build.0 = Debug|Any CPU
		{0B219B81-144B-4B25-82FD-D34C8A7041D6}.Release|Any CPU.ActiveCfg = Release|Any CPU
		{0B219B81-144B-4B25-82FD-D34C8A7041D6}.Release|Any CPU.Build.0 = Release|Any CPU
		{0461BBD2-8EDA-4569-9761-720139EB9B53}.Debug|Any CPU.ActiveCfg = Debug|Any CPU
		{0461BBD2-8EDA-4569-9761-720139EB9B53}.Debug|Any CPU.Build.0 = Debug|Any CPU
		{0461BBD2-8EDA-4569-9761-720139EB9B53}.Release|Any CPU.ActiveCfg = Release|Any CPU
		{0461BBD2-8EDA-4569-9761-720139EB9B53}.Release|Any CPU.Build.0 = Release|Any CPU
		{517B4AD9-B837-4564-B7AE-952C3E64A75E}.Debug|Any CPU.ActiveCfg = Debug|Any CPU
		{517B4AD9-B837-4564-B7AE-952C3E64A75E}.Debug|Any CPU.Build.0 = Debug|Any CPU
		{517B4AD9-B837-4564-B7AE-952C3E64A75E}.Release|Any CPU.ActiveCfg = Release|Any CPU
		{517B4AD9-B837-4564-B7AE-952C3E64A75E}.Release|Any CPU.Build.0 = Release|Any CPU
		{5601D86B-24D5-409F-B00C-9BCD67A6D284}.Debug|Any CPU.ActiveCfg = Debug|Any CPU
		{5601D86B-24D5-409F-B00C-9BCD67A6D284}.Debug|Any CPU.Build.0 = Debug|Any CPU
		{5601D86B-24D5-409F-B00C-9BCD67A6D284}.Release|Any CPU.ActiveCfg = Release|Any CPU
		{5601D86B-24D5-409F-B00C-9BCD67A6D284}.Release|Any CPU.Build.0 = Release|Any CPU
	EndGlobalSection
	GlobalSection(SolutionProperties) = preSolution
		HideSolutionNode = FALSE
	EndGlobalSection
	GlobalSection(NestedProjects) = preSolution
		{D491255D-AAC8-4C42-906B-60E3F0854307} = {59AACB45-62AE-46A3-A3A7-4B9C5CFB9B8A}
		{B2D8016D-A142-466D-865C-32B55C977406} = {59AACB45-62AE-46A3-A3A7-4B9C5CFB9B8A}
		{1520DB98-3546-4380-83A0-CC88395DE17F} = {59AACB45-62AE-46A3-A3A7-4B9C5CFB9B8A}
		{1761ED7D-E460-4E7E-830C-3E8F477E7B00} = {59AACB45-62AE-46A3-A3A7-4B9C5CFB9B8A}
		{97070AD6-D840-4D4F-871E-2BCDE907BA2C} = {59AACB45-62AE-46A3-A3A7-4B9C5CFB9B8A}
		{FB841912-544F-4F94-AB92-75FBD88A7067} = {59AACB45-62AE-46A3-A3A7-4B9C5CFB9B8A}
		{9A891A8E-AB41-457D-9D16-1AC995F81D15} = {59AACB45-62AE-46A3-A3A7-4B9C5CFB9B8A}
		{4E32582A-D6D3-4E94-A10A-A163D54B5FB9} = {D491255D-AAC8-4C42-906B-60E3F0854307}
		{6B5DE2BC-8477-409E-9D5B-DF7DF0E141B5} = {B2D8016D-A142-466D-865C-32B55C977406}
		{54D03707-64CC-46AA-8524-2F9E50915485} = {B2D8016D-A142-466D-865C-32B55C977406}
		{61F95552-292E-450C-9F64-F7048ED77C91} = {1520DB98-3546-4380-83A0-CC88395DE17F}
		{B9B8A5D5-0523-4D4A-8E54-F99B295CDD74} = {1520DB98-3546-4380-83A0-CC88395DE17F}
		{9D64E206-52FB-4C96-954F-F2160DF50705} = {1761ED7D-E460-4E7E-830C-3E8F477E7B00}
		{B7BDAE74-A413-411E-9CAD-A80C969D5D80} = {1761ED7D-E460-4E7E-830C-3E8F477E7B00}
		{0B219B81-144B-4B25-82FD-D34C8A7041D6} = {97070AD6-D840-4D4F-871E-2BCDE907BA2C}
		{0461BBD2-8EDA-4569-9761-720139EB9B53} = {FB841912-544F-4F94-AB92-75FBD88A7067}
		{517B4AD9-B837-4564-B7AE-952C3E64A75E} = {9A891A8E-AB41-457D-9D16-1AC995F81D15}
		{5601D86B-24D5-409F-B00C-9BCD67A6D284} = {6F01A5A4-DB35-4AEB-BC65-0CCCACD4B071}
	EndGlobalSection
	GlobalSection(ExtensibilityGlobals) = postSolution
		SolutionGuid = {1C5F4C0F-72D3-4545-96BA-88E930CD5AB0}
	EndGlobalSection
EndGlobal
